
Microsoft Visual Studio Solution File, Format Version 12.00
# Visual Studio 14
VisualStudioVersion = 14.0.25420.1
MinimumVisualStudioVersion = 10.0.40219.1
Project("{F14B399A-7131-4C87-9E4B-1186C45EF12D}") = "PREG", "Report Project1\PREG.rptproj", "{0E13C954-1350-44E7-9A8C-F960FFB7D398}"
EndProject
Global
	GlobalSection(SolutionConfigurationPlatforms) = preSolution
		Debug|Default = Debug|Default
		DebugLocal|Default = DebugLocal|Default
		Release|Default = Release|Default
	EndGlobalSection
	GlobalSection(ProjectConfigurationPlatforms) = postSolution
		{0E13C954-1350-44E7-9A8C-F960FFB7D398}.Debug|Default.ActiveCfg = Debug
		{0E13C954-1350-44E7-9A8C-F960FFB7D398}.Debug|Default.Build.0 = Debug
		{0E13C954-1350-44E7-9A8C-F960FFB7D398}.Debug|Default.Deploy.0 = Debug
		{0E13C954-1350-44E7-9A8C-F960FFB7D398}.DebugLocal|Default.ActiveCfg = DebugLocal
		{0E13C954-1350-44E7-9A8C-F960FFB7D398}.DebugLocal|Default.Build.0 = DebugLocal
		{0E13C954-1350-44E7-9A8C-F960FFB7D398}.Release|Default.ActiveCfg = Release
		{0E13C954-1350-44E7-9A8C-F960FFB7D398}.Release|Default.Build.0 = Release
		{0E13C954-1350-44E7-9A8C-F960FFB7D398}.Release|Default.Deploy.0 = Release
	EndGlobalSection
	GlobalSection(SolutionProperties) = preSolution
		HideSolutionNode = FALSE
	EndGlobalSection
EndGlobal
